// !$*UTF8*$!
{
	archiveVersion = 1;
	classes = {
	};
	objectVersion = 46;
	objects = {

/* Begin PBXBuildFile section */
		D37AC529F619CB41744B73DC /* Pods_Popup.framework in Frameworks */ = {isa = PBXBuildFile; fileRef = A49D91B95E0E41D82A24C02D /* Pods_Popup.framework */; };
		DD4F7C0913C30F9F00825C6E /* Cocoa.framework in Frameworks */ = {isa = PBXBuildFile; fileRef = DD4F7C0813C30F9F00825C6E /* Cocoa.framework */; };
		DD4F7C1513C30F9F00825C6E /* main.m in Sources */ = {isa = PBXBuildFile; fileRef = DD4F7C1413C30F9F00825C6E /* main.m */; };
		DD4F7C1C13C30F9F00825C6E /* ApplicationDelegate.m in Sources */ = {isa = PBXBuildFile; fileRef = DD4F7C1B13C30F9F00825C6E /* ApplicationDelegate.m */; };
		DD4F7C1F13C30F9F00825C6E /* MainMenu.xib in Resources */ = {isa = PBXBuildFile; fileRef = DD4F7C1D13C30F9F00825C6E /* MainMenu.xib */; };
		DD4F7C3813C317A500825C6E /* MenubarController.m in Sources */ = {isa = PBXBuildFile; fileRef = DD4F7C3713C317A500825C6E /* MenubarController.m */; };
		DD4F7C3C13C3180800825C6E /* StatusItemView.m in Sources */ = {isa = PBXBuildFile; fileRef = DD4F7C3B13C3180800825C6E /* StatusItemView.m */; };
		DD4F7C3F13C318D600825C6E /* PanelController.m in Sources */ = {isa = PBXBuildFile; fileRef = DD4F7C3E13C318D600825C6E /* PanelController.m */; };
		DD4F7C4113C31B4A00825C6E /* Panel.xib in Resources */ = {isa = PBXBuildFile; fileRef = DD4F7C4013C31B4A00825C6E /* Panel.xib */; };
		DD4F7C4413C31BD200825C6E /* Panel.m in Sources */ = {isa = PBXBuildFile; fileRef = DD4F7C4313C31BD200825C6E /* Panel.m */; };
		DD4F7C4713C3208500825C6E /* BackgroundView.m in Sources */ = {isa = PBXBuildFile; fileRef = DD4F7C4613C3208500825C6E /* BackgroundView.m */; };
		DD4F7C4B13C322FA00825C6E /* Status.png in Resources */ = {isa = PBXBuildFile; fileRef = DD4F7C4913C322FA00825C6E /* Status.png */; };
		DD4F7C4C13C322FA00825C6E /* StatusHighlighted.png in Resources */ = {isa = PBXBuildFile; fileRef = DD4F7C4A13C322FA00825C6E /* StatusHighlighted.png */; };
		DDF4EFAC16C80A510044D141 /* Status@2x.png in Resources */ = {isa = PBXBuildFile; fileRef = DDF4EFAB16C80A510044D141 /* Status@2x.png */; };
		DDF4EFAE16C80AD30044D141 /* StatusHighlighted@2x.png in Resources */ = {isa = PBXBuildFile; fileRef = DDF4EFAD16C80AD30044D141 /* StatusHighlighted@2x.png */; };
		EF185163203B719E007B7208 /* SearchCell.m in Sources */ = {isa = PBXBuildFile; fileRef = EF185161203B719D007B7208 /* SearchCell.m */; };
		EF1DCE0B201907E200E84F1F /* CurrencyCell.m in Sources */ = {isa = PBXBuildFile; fileRef = EF1DCE09201907E200E84F1F /* CurrencyCell.m */; };
		EF1DCE0E201907F900E84F1F /* HoldingCell.m in Sources */ = {isa = PBXBuildFile; fileRef = EF1DCE0D201907F900E84F1F /* HoldingCell.m */; };
		EF1DCE112019090E00E84F1F /* PriceCell.m in Sources */ = {isa = PBXBuildFile; fileRef = EF1DCE102019090E00E84F1F /* PriceCell.m */; };
		EF225638203C2FE700C2F9E4 /* AccountsCell.m in Sources */ = {isa = PBXBuildFile; fileRef = EF225637203C2FE700C2F9E4 /* AccountsCell.m */; };
		EF234E892020E14E0043C767 /* CustomSearchField.swift in Sources */ = {isa = PBXBuildFile; fileRef = EF234E882020E14E0043C767 /* CustomSearchField.swift */; };
		EF234E8F202107370043C767 /* CustomVew2.m in Sources */ = {isa = PBXBuildFile; fileRef = EF234E8E202107370043C767 /* CustomVew2.m */; };
		EF301F9A20156821001841FB /* MyHeaderCell.m in Sources */ = {isa = PBXBuildFile; fileRef = EF301F9920156821001841FB /* MyHeaderCell.m */; };
		EF77FD1820167A2B009C1B78 /* Media.xcassets in Resources */ = {isa = PBXBuildFile; fileRef = EF77FD1720167A2B009C1B78 /* Media.xcassets */; };
		EFAC44762097626D00CA286E /* TransactionCell.m in Sources */ = {isa = PBXBuildFile; fileRef = EFAC44752097626D00CA286E /* TransactionCell.m */; };
		EFAC44772097629400CA286E /* TransactionCell.h in Resources */ = {isa = PBXBuildFile; fileRef = EFAC44742097626D00CA286E /* TransactionCell.h */; };
		EFAC44782097629400CA286E /* TransactionCell.m in Resources */ = {isa = PBXBuildFile; fileRef = EFAC44752097626D00CA286E /* TransactionCell.m */; };
		EFE1205920194BD600878450 /* CustomVC.swift in Sources */ = {isa = PBXBuildFile; fileRef = EFE1205820194BD600878450 /* CustomVC.swift */; };
		EFE1205E20194D2900878450 /* CustomVC2.swift in Sources */ = {isa = PBXBuildFile; fileRef = EFE1205D20194D2900878450 /* CustomVC2.swift */; };
		EFE1206120194DC200878450 /* CustomVC3.m in Sources */ = {isa = PBXBuildFile; fileRef = EFE1206020194DC200878450 /* CustomVC3.m */; };
/* End PBXBuildFile section */

/* Begin PBXFileReference section */
		558D8CB909824D8C851C6CBE /* Pods-Popup.debug.xcconfig */ = {isa = PBXFileReference; includeInIndex = 1; lastKnownFileType = text.xcconfig; name = "Pods-Popup.debug.xcconfig"; path = "Pods/Target Support Files/Pods-Popup/Pods-Popup.debug.xcconfig"; sourceTree = "<group>"; };
		57891AD3513D9599254C6D99 /* Pods-Popup.release.xcconfig */ = {isa = PBXFileReference; includeInIndex = 1; lastKnownFileType = text.xcconfig; name = "Pods-Popup.release.xcconfig"; path = "Pods/Target Support Files/Pods-Popup/Pods-Popup.release.xcconfig"; sourceTree = "<group>"; };
		A49D91B95E0E41D82A24C02D /* Pods_Popup.framework */ = {isa = PBXFileReference; explicitFileType = wrapper.framework; includeInIndex = 0; path = Pods_Popup.framework; sourceTree = BUILT_PRODUCTS_DIR; };
		DD4F7C0413C30F9F00825C6E /* Popup.app */ = {isa = PBXFileReference; explicitFileType = wrapper.application; includeInIndex = 0; path = Popup.app; sourceTree = BUILT_PRODUCTS_DIR; };
		DD4F7C0813C30F9F00825C6E /* Cocoa.framework */ = {isa = PBXFileReference; lastKnownFileType = wrapper.framework; name = Cocoa.framework; path = System/Library/Frameworks/Cocoa.framework; sourceTree = SDKROOT; };
		DD4F7C0B13C30F9F00825C6E /* AppKit.framework */ = {isa = PBXFileReference; lastKnownFileType = wrapper.framework; name = AppKit.framework; path = System/Library/Frameworks/AppKit.framework; sourceTree = SDKROOT; };
		DD4F7C0C13C30F9F00825C6E /* CoreData.framework */ = {isa = PBXFileReference; lastKnownFileType = wrapper.framework; name = CoreData.framework; path = System/Library/Frameworks/CoreData.framework; sourceTree = SDKROOT; };
		DD4F7C0D13C30F9F00825C6E /* Foundation.framework */ = {isa = PBXFileReference; lastKnownFileType = wrapper.framework; name = Foundation.framework; path = System/Library/Frameworks/Foundation.framework; sourceTree = SDKROOT; };
		DD4F7C1013C30F9F00825C6E /* Popup-Info.plist */ = {isa = PBXFileReference; lastKnownFileType = text.plist.xml; name = "Popup-Info.plist"; path = "Popup/Popup-Info.plist"; sourceTree = "<group>"; };
		DD4F7C1413C30F9F00825C6E /* main.m */ = {isa = PBXFileReference; lastKnownFileType = sourcecode.c.objc; path = main.m; sourceTree = "<group>"; };
		DD4F7C1613C30F9F00825C6E /* Popup-Prefix.pch */ = {isa = PBXFileReference; lastKnownFileType = sourcecode.c.h; path = "Popup-Prefix.pch"; sourceTree = "<group>"; };
		DD4F7C1A13C30F9F00825C6E /* ApplicationDelegate.h */ = {isa = PBXFileReference; lastKnownFileType = sourcecode.c.h; path = ApplicationDelegate.h; sourceTree = "<group>"; };
		DD4F7C1B13C30F9F00825C6E /* ApplicationDelegate.m */ = {isa = PBXFileReference; lastKnownFileType = sourcecode.c.objc; path = ApplicationDelegate.m; sourceTree = "<group>"; };
		DD4F7C1E13C30F9F00825C6E /* en */ = {isa = PBXFileReference; lastKnownFileType = file.xib; name = en; path = en.lproj/MainMenu.xib; sourceTree = "<group>"; };
		DD4F7C3613C317A500825C6E /* MenubarController.h */ = {isa = PBXFileReference; fileEncoding = 4; lastKnownFileType = sourcecode.c.h; path = MenubarController.h; sourceTree = "<group>"; };
		DD4F7C3713C317A500825C6E /* MenubarController.m */ = {isa = PBXFileReference; fileEncoding = 4; lastKnownFileType = sourcecode.c.objc; path = MenubarController.m; sourceTree = "<group>"; };
		DD4F7C3A13C3180800825C6E /* StatusItemView.h */ = {isa = PBXFileReference; fileEncoding = 4; lastKnownFileType = sourcecode.c.h; path = StatusItemView.h; sourceTree = "<group>"; };
		DD4F7C3B13C3180800825C6E /* StatusItemView.m */ = {isa = PBXFileReference; fileEncoding = 4; lastKnownFileType = sourcecode.c.objc; path = StatusItemView.m; sourceTree = "<group>"; };
		DD4F7C3D13C318D600825C6E /* PanelController.h */ = {isa = PBXFileReference; fileEncoding = 4; lastKnownFileType = sourcecode.c.h; path = PanelController.h; sourceTree = "<group>"; };
		DD4F7C3E13C318D600825C6E /* PanelController.m */ = {isa = PBXFileReference; fileEncoding = 4; lastKnownFileType = sourcecode.c.objc; path = PanelController.m; sourceTree = "<group>"; };
		DD4F7C4013C31B4A00825C6E /* Panel.xib */ = {isa = PBXFileReference; fileEncoding = 4; lastKnownFileType = file.xib; name = Panel.xib; path = Popup/Panel.xib; sourceTree = "<group>"; };
		DD4F7C4213C31BD200825C6E /* Panel.h */ = {isa = PBXFileReference; fileEncoding = 4; lastKnownFileType = sourcecode.c.h; path = Panel.h; sourceTree = "<group>"; };
		DD4F7C4313C31BD200825C6E /* Panel.m */ = {isa = PBXFileReference; fileEncoding = 4; lastKnownFileType = sourcecode.c.objc; path = Panel.m; sourceTree = "<group>"; };
		DD4F7C4513C3208500825C6E /* BackgroundView.h */ = {isa = PBXFileReference; fileEncoding = 4; lastKnownFileType = sourcecode.c.h; path = BackgroundView.h; sourceTree = "<group>"; };
		DD4F7C4613C3208500825C6E /* BackgroundView.m */ = {isa = PBXFileReference; fileEncoding = 4; lastKnownFileType = sourcecode.c.objc; path = BackgroundView.m; sourceTree = "<group>"; };
		DD4F7C4913C322FA00825C6E /* Status.png */ = {isa = PBXFileReference; lastKnownFileType = image.png; name = Status.png; path = Popup/Status.png; sourceTree = "<group>"; };
		DD4F7C4A13C322FA00825C6E /* StatusHighlighted.png */ = {isa = PBXFileReference; lastKnownFileType = image.png; name = StatusHighlighted.png; path = Popup/StatusHighlighted.png; sourceTree = "<group>"; };
		DDF4EFAB16C80A510044D141 /* Status@2x.png */ = {isa = PBXFileReference; lastKnownFileType = image.png; name = "Status@2x.png"; path = "Popup/Status@2x.png"; sourceTree = "<group>"; };
		DDF4EFAD16C80AD30044D141 /* StatusHighlighted@2x.png */ = {isa = PBXFileReference; lastKnownFileType = image.png; name = "StatusHighlighted@2x.png"; path = "Popup/StatusHighlighted@2x.png"; sourceTree = "<group>"; };
		EF185161203B719D007B7208 /* SearchCell.m */ = {isa = PBXFileReference; fileEncoding = 4; lastKnownFileType = sourcecode.c.objc; name = SearchCell.m; path = Popup/SearchCell.m; sourceTree = "<group>"; };
		EF185162203B719E007B7208 /* SearchCell.h */ = {isa = PBXFileReference; fileEncoding = 4; lastKnownFileType = sourcecode.c.h; name = SearchCell.h; path = Popup/SearchCell.h; sourceTree = "<group>"; };
		EF1DCE09201907E200E84F1F /* CurrencyCell.m */ = {isa = PBXFileReference; fileEncoding = 4; lastKnownFileType = sourcecode.c.objc; name = CurrencyCell.m; path = Popup/CurrencyCell.m; sourceTree = "<group>"; };
		EF1DCE0A201907E200E84F1F /* CurrencyCell.h */ = {isa = PBXFileReference; fileEncoding = 4; lastKnownFileType = sourcecode.c.h; name = CurrencyCell.h; path = Popup/CurrencyCell.h; sourceTree = "<group>"; };
		EF1DCE0C201907F900E84F1F /* HoldingCell.h */ = {isa = PBXFileReference; lastKnownFileType = sourcecode.c.h; name = HoldingCell.h; path = Popup/HoldingCell.h; sourceTree = "<group>"; };
		EF1DCE0D201907F900E84F1F /* HoldingCell.m */ = {isa = PBXFileReference; lastKnownFileType = sourcecode.c.objc; name = HoldingCell.m; path = Popup/HoldingCell.m; sourceTree = "<group>"; };
		EF1DCE0F2019090E00E84F1F /* PriceCell.h */ = {isa = PBXFileReference; lastKnownFileType = sourcecode.c.h; name = PriceCell.h; path = Popup/PriceCell.h; sourceTree = "<group>"; };
		EF1DCE102019090E00E84F1F /* PriceCell.m */ = {isa = PBXFileReference; lastKnownFileType = sourcecode.c.objc; name = PriceCell.m; path = Popup/PriceCell.m; sourceTree = "<group>"; };
		EF225636203C2FE700C2F9E4 /* AccountsCell.h */ = {isa = PBXFileReference; lastKnownFileType = sourcecode.c.h; path = AccountsCell.h; sourceTree = "<group>"; };
		EF225637203C2FE700C2F9E4 /* AccountsCell.m */ = {isa = PBXFileReference; lastKnownFileType = sourcecode.c.objc; path = AccountsCell.m; sourceTree = "<group>"; };
		EF234E882020E14E0043C767 /* CustomSearchField.swift */ = {isa = PBXFileReference; lastKnownFileType = sourcecode.swift; path = CustomSearchField.swift; sourceTree = "<group>"; };
		EF234E8D202107370043C767 /* CustomVew2.h */ = {isa = PBXFileReference; lastKnownFileType = sourcecode.c.h; path = CustomVew2.h; sourceTree = "<group>"; };
		EF234E8E202107370043C767 /* CustomVew2.m */ = {isa = PBXFileReference; lastKnownFileType = sourcecode.c.objc; path = CustomVew2.m; sourceTree = "<group>"; };
		EF301F9020155F35001841FB /* Popup-Bridging-Header.h */ = {isa = PBXFileReference; lastKnownFileType = sourcecode.c.h; path = "Popup-Bridging-Header.h"; sourceTree = "<group>"; };
		EF301F9920156821001841FB /* MyHeaderCell.m */ = {isa = PBXFileReference; fileEncoding = 4; lastKnownFileType = sourcecode.c.objc; path = MyHeaderCell.m; sourceTree = "<group>"; };
		EF301F9B20156989001841FB /* MyHeaderCell.h */ = {isa = PBXFileReference; lastKnownFileType = sourcecode.c.h; path = MyHeaderCell.h; sourceTree = "<group>"; };
		EF77FD1720167A2B009C1B78 /* Media.xcassets */ = {isa = PBXFileReference; lastKnownFileType = folder.assetcatalog; path = Media.xcassets; sourceTree = "<group>"; };
		EFAC44742097626D00CA286E /* TransactionCell.h */ = {isa = PBXFileReference; fileEncoding = 4; lastKnownFileType = sourcecode.c.h; path = TransactionCell.h; sourceTree = "<group>"; };
		EFAC44752097626D00CA286E /* TransactionCell.m */ = {isa = PBXFileReference; fileEncoding = 4; lastKnownFileType = sourcecode.c.objc; path = TransactionCell.m; sourceTree = "<group>"; };
		EFE1205820194BD600878450 /* CustomVC.swift */ = {isa = PBXFileReference; lastKnownFileType = sourcecode.swift; path = CustomVC.swift; sourceTree = "<group>"; };
		EFE1205D20194D2900878450 /* CustomVC2.swift */ = {isa = PBXFileReference; lastKnownFileType = sourcecode.swift; path = CustomVC2.swift; sourceTree = "<group>"; };
		EFE1205F20194DC200878450 /* CustomVC3.h */ = {isa = PBXFileReference; lastKnownFileType = sourcecode.c.h; path = CustomVC3.h; sourceTree = "<group>"; };
		EFE1206020194DC200878450 /* CustomVC3.m */ = {isa = PBXFileReference; lastKnownFileType = sourcecode.c.objc; path = CustomVC3.m; sourceTree = "<group>"; };
/* End PBXFileReference section */

/* Begin PBXFrameworksBuildPhase section */
		DD4F7C0113C30F9F00825C6E /* Frameworks */ = {
			isa = PBXFrameworksBuildPhase;
			buildActionMask = 2147483647;
			files = (
				DD4F7C0913C30F9F00825C6E /* Cocoa.framework in Frameworks */,
				D37AC529F619CB41744B73DC /* Pods_Popup.framework in Frameworks */,
			);
			runOnlyForDeploymentPostprocessing = 0;
		};
/* End PBXFrameworksBuildPhase section */

/* Begin PBXGroup section */
		5C2A4FA62426AB6DA63A7D3A /* Pods */ = {
			isa = PBXGroup;
			children = (
				558D8CB909824D8C851C6CBE /* Pods-Popup.debug.xcconfig */,
				57891AD3513D9599254C6D99 /* Pods-Popup.release.xcconfig */,
			);
			name = Pods;
			sourceTree = "<group>";
		};
		DD4F7BF913C30F9F00825C6E = {
			isa = PBXGroup;
			children = (
				DD4F7C0E13C30F9F00825C6E /* Sources */,
				DD4F7C2813C3123E00825C6E /* User Interface */,
				DD4F7C0713C30F9F00825C6E /* Frameworks */,
				DD4F7C0513C30F9F00825C6E /* Products */,
				DD4F7C1013C30F9F00825C6E /* Popup-Info.plist */,
				5C2A4FA62426AB6DA63A7D3A /* Pods */,
			);
			sourceTree = "<group>";
		};
		DD4F7C0513C30F9F00825C6E /* Products */ = {
			isa = PBXGroup;
			children = (
				DD4F7C0413C30F9F00825C6E /* Popup.app */,
			);
			name = Products;
			sourceTree = "<group>";
		};
		DD4F7C0713C30F9F00825C6E /* Frameworks */ = {
			isa = PBXGroup;
			children = (
				DD4F7C0B13C30F9F00825C6E /* AppKit.framework */,
				DD4F7C0C13C30F9F00825C6E /* CoreData.framework */,
				DD4F7C0D13C30F9F00825C6E /* Foundation.framework */,
				DD4F7C0813C30F9F00825C6E /* Cocoa.framework */,
				A49D91B95E0E41D82A24C02D /* Pods_Popup.framework */,
			);
			name = Frameworks;
			sourceTree = "<group>";
		};
		DD4F7C0E13C30F9F00825C6E /* Sources */ = {
			isa = PBXGroup;
			children = (
				EF1DCE08201907D800E84F1F /* Cells */,
				DD4F7C2613C311DF00825C6E /* Controllers */,
				DD4F7C0F13C30F9F00825C6E /* Supporting Files */,
			);
			name = Sources;
			path = Popup;
			sourceTree = "<group>";
		};
		DD4F7C0F13C30F9F00825C6E /* Supporting Files */ = {
			isa = PBXGroup;
			children = (
				DD4F7C1613C30F9F00825C6E /* Popup-Prefix.pch */,
				DD4F7C1413C30F9F00825C6E /* main.m */,
			);
			name = "Supporting Files";
			sourceTree = "<group>";
		};
		DD4F7C2613C311DF00825C6E /* Controllers */ = {
			isa = PBXGroup;
			children = (
				EFA65933207A44DB008297A1 /* MenuBarCode */,
				DD4F7C1A13C30F9F00825C6E /* ApplicationDelegate.h */,
				DD4F7C1B13C30F9F00825C6E /* ApplicationDelegate.m */,
				DD4F7C3D13C318D600825C6E /* PanelController.h */,
				DD4F7C3E13C318D600825C6E /* PanelController.m */,
				EF301F9020155F35001841FB /* Popup-Bridging-Header.h */,
			);
			name = Controllers;
			sourceTree = "<group>";
		};
		DD4F7C2813C3123E00825C6E /* User Interface */ = {
			isa = PBXGroup;
			children = (
				DD4F7C4813C322D800825C6E /* Graphics */,
				DD4F7C2913C3124300825C6E /* XIBs */,
			);
			name = "User Interface";
			sourceTree = "<group>";
		};
		DD4F7C2913C3124300825C6E /* XIBs */ = {
			isa = PBXGroup;
			children = (
				DD4F7C4013C31B4A00825C6E /* Panel.xib */,
				DD4F7C1D13C30F9F00825C6E /* MainMenu.xib */,
				EFAC44742097626D00CA286E /* TransactionCell.h */,
				EFAC44752097626D00CA286E /* TransactionCell.m */,
				EF185162203B719E007B7208 /* SearchCell.h */,
				EF185161203B719D007B7208 /* SearchCell.m */,
				EF234E8D202107370043C767 /* CustomVew2.h */,
				EF234E8E202107370043C767 /* CustomVew2.m */,
				EF1DCE0C201907F900E84F1F /* HoldingCell.h */,
				EF1DCE0D201907F900E84F1F /* HoldingCell.m */,
				EF1DCE0F2019090E00E84F1F /* PriceCell.h */,
				EF1DCE102019090E00E84F1F /* PriceCell.m */,
				EF1DCE0A201907E200E84F1F /* CurrencyCell.h */,
				EF1DCE09201907E200E84F1F /* CurrencyCell.m */,
				EF225636203C2FE700C2F9E4 /* AccountsCell.h */,
				EF225637203C2FE700C2F9E4 /* AccountsCell.m */,
				EFE1205D20194D2900878450 /* CustomVC2.swift */,
				EFE1205F20194DC200878450 /* CustomVC3.h */,
				EFE1206020194DC200878450 /* CustomVC3.m */,
				EFE1205820194BD600878450 /* CustomVC.swift */,
			);
			name = XIBs;
			sourceTree = "<group>";
		};
		DD4F7C3913C317EC00825C6E /* Views */ = {
			isa = PBXGroup;
			children = (
				DD4F7C3A13C3180800825C6E /* StatusItemView.h */,
				DD4F7C3B13C3180800825C6E /* StatusItemView.m */,
				DD4F7C4513C3208500825C6E /* BackgroundView.h */,
				DD4F7C4613C3208500825C6E /* BackgroundView.m */,
			);
			name = Views;
			sourceTree = "<group>";
		};
		DD4F7C4813C322D800825C6E /* Graphics */ = {
			isa = PBXGroup;
			children = (
				EF77FD1720167A2B009C1B78 /* Media.xcassets */,
				EF234E882020E14E0043C767 /* CustomSearchField.swift */,
				DD4F7C4913C322FA00825C6E /* Status.png */,
				DDF4EFAB16C80A510044D141 /* Status@2x.png */,
				DD4F7C4A13C322FA00825C6E /* StatusHighlighted.png */,
				DDF4EFAD16C80AD30044D141 /* StatusHighlighted@2x.png */,
			);
			name = Graphics;
			sourceTree = "<group>";
		};
		EF1DCE08201907D800E84F1F /* Cells */ = {
			isa = PBXGroup;
			children = (
			);
			name = Cells;
			sourceTree = "<group>";
		};
		EFA65933207A44DB008297A1 /* MenuBarCode */ = {
			isa = PBXGroup;
			children = (
				DD4F7C4213C31BD200825C6E /* Panel.h */,
				DD4F7C4313C31BD200825C6E /* Panel.m */,
				DD4F7C3913C317EC00825C6E /* Views */,
				DD4F7C3613C317A500825C6E /* MenubarController.h */,
				DD4F7C3713C317A500825C6E /* MenubarController.m */,
				EF301F9920156821001841FB /* MyHeaderCell.m */,
				EF301F9B20156989001841FB /* MyHeaderCell.h */,
			);
			name = MenuBarCode;
			sourceTree = "<group>";
		};
/* End PBXGroup section */

/* Begin PBXNativeTarget section */
		DD4F7C0313C30F9F00825C6E /* Popup */ = {
			isa = PBXNativeTarget;
			buildConfigurationList = DD4F7C2213C30F9F00825C6E /* Build configuration list for PBXNativeTarget "Popup" */;
			buildPhases = (
				8AFFB14CD2B6636B6F535072 /* [CP] Check Pods Manifest.lock */,
				DD4F7C0013C30F9F00825C6E /* Sources */,
				DD4F7C0113C30F9F00825C6E /* Frameworks */,
				DD4F7C0213C30F9F00825C6E /* Resources */,
				828EF47A8462EF466FDF55C1 /* [CP] Embed Pods Frameworks */,
				E7AA1C83B1FBBA373931011E /* [CP] Copy Pods Resources */,
			);
			buildRules = (
			);
			dependencies = (
			);
			name = Popup;
			productName = Popup;
			productReference = DD4F7C0413C30F9F00825C6E /* Popup.app */;
			productType = "com.apple.product-type.application";
		};
/* End PBXNativeTarget section */

/* Begin PBXProject section */
		DD4F7BFB13C30F9F00825C6E /* Project object */ = {
			isa = PBXProject;
			attributes = {
				LastUpgradeCheck = 0910;
				TargetAttributes = {
					DD4F7C0313C30F9F00825C6E = {
						LastSwiftMigration = 0920;
					};
				};
			};
			buildConfigurationList = DD4F7BFE13C30F9F00825C6E /* Build configuration list for PBXProject "Popup" */;
			compatibilityVersion = "Xcode 3.2";
			developmentRegion = English;
			hasScannedForEncodings = 0;
			knownRegions = (
				en,
			);
			mainGroup = DD4F7BF913C30F9F00825C6E;
			productRefGroup = DD4F7C0513C30F9F00825C6E /* Products */;
			projectDirPath = "";
			projectRoot = "";
			targets = (
				DD4F7C0313C30F9F00825C6E /* Popup */,
			);
		};
/* End PBXProject section */

/* Begin PBXResourcesBuildPhase section */
		DD4F7C0213C30F9F00825C6E /* Resources */ = {
			isa = PBXResourcesBuildPhase;
			buildActionMask = 2147483647;
			files = (
				EFAC44772097629400CA286E /* TransactionCell.h in Resources */,
				EFAC44782097629400CA286E /* TransactionCell.m in Resources */,
				DD4F7C1F13C30F9F00825C6E /* MainMenu.xib in Resources */,
				DD4F7C4113C31B4A00825C6E /* Panel.xib in Resources */,
				EF77FD1820167A2B009C1B78 /* Media.xcassets in Resources */,
				DD4F7C4B13C322FA00825C6E /* Status.png in Resources */,
				DD4F7C4C13C322FA00825C6E /* StatusHighlighted.png in Resources */,
				DDF4EFAC16C80A510044D141 /* Status@2x.png in Resources */,
				DDF4EFAE16C80AD30044D141 /* StatusHighlighted@2x.png in Resources */,
			);
			runOnlyForDeploymentPostprocessing = 0;
		};
/* End PBXResourcesBuildPhase section */

/* Begin PBXShellScriptBuildPhase section */
		828EF47A8462EF466FDF55C1 /* [CP] Embed Pods Frameworks */ = {
			isa = PBXShellScriptBuildPhase;
			buildActionMask = 2147483647;
			files = (
			);
			inputPaths = (
				"${SRCROOT}/Pods/Target Support Files/Pods-Popup/Pods-Popup-frameworks.sh",
				"${BUILT_PRODUCTS_DIR}/FlatButton/FlatButton.framework",
			);
			name = "[CP] Embed Pods Frameworks";
			outputPaths = (
				"${TARGET_BUILD_DIR}/${FRAMEWORKS_FOLDER_PATH}/FlatButton.framework",
			);
			runOnlyForDeploymentPostprocessing = 0;
			shellPath = /bin/sh;
			shellScript = "\"${SRCROOT}/Pods/Target Support Files/Pods-Popup/Pods-Popup-frameworks.sh\"\n";
			showEnvVarsInLog = 0;
		};
		8AFFB14CD2B6636B6F535072 /* [CP] Check Pods Manifest.lock */ = {
			isa = PBXShellScriptBuildPhase;
			buildActionMask = 2147483647;
			files = (
			);
			inputPaths = (
				"${PODS_PODFILE_DIR_PATH}/Podfile.lock",
				"${PODS_ROOT}/Manifest.lock",
			);
			name = "[CP] Check Pods Manifest.lock";
			outputPaths = (
				"$(DERIVED_FILE_DIR)/Pods-Popup-checkManifestLockResult.txt",
			);
			runOnlyForDeploymentPostprocessing = 0;
			shellPath = /bin/sh;
			shellScript = "diff \"${PODS_PODFILE_DIR_PATH}/Podfile.lock\" \"${PODS_ROOT}/Manifest.lock\" > /dev/null\nif [ $? != 0 ] ; then\n    # print error to STDERR\n    echo \"error: The sandbox is not in sync with the Podfile.lock. Run 'pod install' or update your CocoaPods installation.\" >&2\n    exit 1\nfi\n# This output is used by Xcode 'outputs' to avoid re-running this script phase.\necho \"SUCCESS\" > \"${SCRIPT_OUTPUT_FILE_0}\"\n";
			showEnvVarsInLog = 0;
		};
		E7AA1C83B1FBBA373931011E /* [CP] Copy Pods Resources */ = {
			isa = PBXShellScriptBuildPhase;
			buildActionMask = 2147483647;
			files = (
			);
			inputPaths = (
			);
			name = "[CP] Copy Pods Resources";
			outputPaths = (
			);
			runOnlyForDeploymentPostprocessing = 0;
			shellPath = /bin/sh;
			shellScript = "\"${SRCROOT}/Pods/Target Support Files/Pods-Popup/Pods-Popup-resources.sh\"\n";
			showEnvVarsInLog = 0;
		};
/* End PBXShellScriptBuildPhase section */

/* Begin PBXSourcesBuildPhase section */
		DD4F7C0013C30F9F00825C6E /* Sources */ = {
			isa = PBXSourcesBuildPhase;
			buildActionMask = 2147483647;
			files = (
				EF301F9A20156821001841FB /* MyHeaderCell.m in Sources */,
				EFE1206120194DC200878450 /* CustomVC3.m in Sources */,
				EF234E8F202107370043C767 /* CustomVew2.m in Sources */,
				EF185163203B719E007B7208 /* SearchCell.m in Sources */,
				EFE1205E20194D2900878450 /* CustomVC2.swift in Sources */,
				DD4F7C1513C30F9F00825C6E /* main.m in Sources */,
				EF1DCE0B201907E200E84F1F /* CurrencyCell.m in Sources */,
				DD4F7C1C13C30F9F00825C6E /* ApplicationDelegate.m in Sources */,
				EF234E892020E14E0043C767 /* CustomSearchField.swift in Sources */,
				DD4F7C3813C317A500825C6E /* MenubarController.m in Sources */,
				DD4F7C3C13C3180800825C6E /* StatusItemView.m in Sources */,
				DD4F7C3F13C318D600825C6E /* PanelController.m in Sources */,
				EF1DCE0E201907F900E84F1F /* HoldingCell.m in Sources */,
				EFE1205920194BD600878450 /* CustomVC.swift in Sources */,
				EF225638203C2FE700C2F9E4 /* AccountsCell.m in Sources */,
				DD4F7C4413C31BD200825C6E /* Panel.m in Sources */,
				DD4F7C4713C3208500825C6E /* BackgroundView.m in Sources */,
				EF1DCE112019090E00E84F1F /* PriceCell.m in Sources */,
				EFAC44762097626D00CA286E /* TransactionCell.m in Sources */,
			);
			runOnlyForDeploymentPostprocessing = 0;
		};
/* End PBXSourcesBuildPhase section */

/* Begin PBXVariantGroup section */
		DD4F7C1D13C30F9F00825C6E /* MainMenu.xib */ = {
			isa = PBXVariantGroup;
			children = (
				DD4F7C1E13C30F9F00825C6E /* en */,
			);
			name = MainMenu.xib;
			path = Popup;
			sourceTree = "<group>";
		};
/* End PBXVariantGroup section */

/* Begin XCBuildConfiguration section */
		DD4F7C2013C30F9F00825C6E /* Debug */ = {
			isa = XCBuildConfiguration;
			buildSettings = {
				ALWAYS_SEARCH_USER_PATHS = NO;
				CLANG_WARN_BLOCK_CAPTURE_AUTORELEASING = YES;
				CLANG_WARN_BOOL_CONVERSION = YES;
				CLANG_WARN_COMMA = YES;
				CLANG_WARN_CONSTANT_CONVERSION = YES;
				CLANG_WARN_EMPTY_BODY = YES;
				CLANG_WARN_ENUM_CONVERSION = YES;
				CLANG_WARN_INFINITE_RECURSION = YES;
				CLANG_WARN_INT_CONVERSION = YES;
				CLANG_WARN_NON_LITERAL_NULL_CONVERSION = YES;
				CLANG_WARN_OBJC_LITERAL_CONVERSION = YES;
				CLANG_WARN_RANGE_LOOP_ANALYSIS = YES;
				CLANG_WARN_STRICT_PROTOTYPES = YES;
				CLANG_WARN_SUSPICIOUS_MOVE = YES;
				CLANG_WARN_UNREACHABLE_CODE = YES;
				CLANG_WARN__DUPLICATE_METHOD_MATCH = YES;
				COPY_PHASE_STRIP = NO;
				ENABLE_STRICT_OBJC_MSGSEND = YES;
				ENABLE_TESTABILITY = YES;
				GCC_C_LANGUAGE_STANDARD = gnu99;
				GCC_DYNAMIC_NO_PIC = NO;
				GCC_ENABLE_OBJC_EXCEPTIONS = YES;
				GCC_NO_COMMON_BLOCKS = YES;
				GCC_OPTIMIZATION_LEVEL = 0;
				GCC_PREPROCESSOR_DEFINITIONS = (
					"DEBUG=1",
					"$(inherited)",
				);
				GCC_SYMBOLS_PRIVATE_EXTERN = NO;
				GCC_VERSION = com.apple.compilers.llvm.clang.1_0;
				GCC_WARN_64_TO_32_BIT_CONVERSION = YES;
				GCC_WARN_ABOUT_MISSING_PROTOTYPES = YES;
				GCC_WARN_ABOUT_RETURN_TYPE = YES;
				GCC_WARN_UNDECLARED_SELECTOR = YES;
				GCC_WARN_UNINITIALIZED_AUTOS = YES;
				GCC_WARN_UNUSED_FUNCTION = YES;
				GCC_WARN_UNUSED_VARIABLE = YES;
				MACOSX_DEPLOYMENT_TARGET = 10.13;
				ONLY_ACTIVE_ARCH = YES;
				SDKROOT = macosx;
			};
			name = Debug;
		};
		DD4F7C2113C30F9F00825C6E /* Release */ = {
			isa = XCBuildConfiguration;
			buildSettings = {
				ALWAYS_SEARCH_USER_PATHS = NO;
				CLANG_WARN_BLOCK_CAPTURE_AUTORELEASING = YES;
				CLANG_WARN_BOOL_CONVERSION = YES;
				CLANG_WARN_COMMA = YES;
				CLANG_WARN_CONSTANT_CONVERSION = YES;
				CLANG_WARN_EMPTY_BODY = YES;
				CLANG_WARN_ENUM_CONVERSION = YES;
				CLANG_WARN_INFINITE_RECURSION = YES;
				CLANG_WARN_INT_CONVERSION = YES;
				CLANG_WARN_NON_LITERAL_NULL_CONVERSION = YES;
				CLANG_WARN_OBJC_LITERAL_CONVERSION = YES;
				CLANG_WARN_RANGE_LOOP_ANALYSIS = YES;
				CLANG_WARN_STRICT_PROTOTYPES = YES;
				CLANG_WARN_SUSPICIOUS_MOVE = YES;
				CLANG_WARN_UNREACHABLE_CODE = YES;
				CLANG_WARN__DUPLICATE_METHOD_MATCH = YES;
				COPY_PHASE_STRIP = YES;
				DEBUG_INFORMATION_FORMAT = "dwarf-with-dsym";
				ENABLE_STRICT_OBJC_MSGSEND = YES;
				GCC_C_LANGUAGE_STANDARD = gnu99;
				GCC_ENABLE_OBJC_EXCEPTIONS = YES;
				GCC_NO_COMMON_BLOCKS = YES;
				GCC_VERSION = com.apple.compilers.llvm.clang.1_0;
				GCC_WARN_64_TO_32_BIT_CONVERSION = YES;
				GCC_WARN_ABOUT_MISSING_PROTOTYPES = YES;
				GCC_WARN_ABOUT_RETURN_TYPE = YES;
				GCC_WARN_UNDECLARED_SELECTOR = YES;
				GCC_WARN_UNINITIALIZED_AUTOS = YES;
				GCC_WARN_UNUSED_FUNCTION = YES;
				GCC_WARN_UNUSED_VARIABLE = YES;
				MACOSX_DEPLOYMENT_TARGET = 10.13;
				SDKROOT = macosx;
			};
			name = Release;
		};
		DD4F7C2313C30F9F00825C6E /* Debug */ = {
			isa = XCBuildConfiguration;
			baseConfigurationReference = 558D8CB909824D8C851C6CBE /* Pods-Popup.debug.xcconfig */;
			buildSettings = {
				CLANG_ENABLE_MODULES = YES;
				CLANG_ENABLE_OBJC_ARC = YES;
				COMBINE_HIDPI_IMAGES = YES;
				GCC_PRECOMPILE_PREFIX_HEADER = YES;
				GCC_PREFIX_HEADER = "Popup/Popup-Prefix.pch";
				INFOPLIST_FILE = "Popup/Popup-Info.plist";
				LD_RUNPATH_SEARCH_PATHS = "$(inherited) @executable_path/../Frameworks";
				PRODUCT_BUNDLE_IDENTIFIER = com.shpakovski.mac.popup;
				PRODUCT_NAME = "$(TARGET_NAME)";
				SWIFT_OBJC_BRIDGING_HEADER = "Popup/Popup-Bridging-Header.h";
				SWIFT_OPTIMIZATION_LEVEL = "-Onone";
				SWIFT_VERSION = 3.0;
				WRAPPER_EXTENSION = app;
			};
			name = Debug;
		};
		DD4F7C2413C30F9F00825C6E /* Release */ = {
			isa = XCBuildConfiguration;
			baseConfigurationReference = 57891AD3513D9599254C6D99 /* Pods-Popup.release.xcconfig */;
			buildSettings = {
				CLANG_ENABLE_MODULES = YES;
				CLANG_ENABLE_OBJC_ARC = YES;
				COMBINE_HIDPI_IMAGES = YES;
				GCC_PRECOMPILE_PREFIX_HEADER = YES;
				GCC_PREFIX_HEADER = "Popup/Popup-Prefix.pch";
				INFOPLIST_FILE = "Popup/Popup-Info.plist";
				LD_RUNPATH_SEARCH_PATHS = "$(inherited) @executable_path/../Frameworks";
				PRODUCT_BUNDLE_IDENTIFIER = com.shpakovski.mac.popup;
				PRODUCT_NAME = "$(TARGET_NAME)";
				SWIFT_OBJC_BRIDGING_HEADER = "Popup/Popup-Bridging-Header.h";
				SWIFT_VERSION = 3.0;
				WRAPPER_EXTENSION = app;
			};
			name = Release;
		};
/* End XCBuildConfiguration section */

/* Begin XCConfigurationList section */
		DD4F7BFE13C30F9F00825C6E /* Build configuration list for PBXProject "Popup" */ = {
			isa = XCConfigurationList;
			buildConfigurations = (
				DD4F7C2013C30F9F00825C6E /* Debug */,
				DD4F7C2113C30F9F00825C6E /* Release */,
			);
			defaultConfigurationIsVisible = 0;
			defaultConfigurationName = Release;
		};
		DD4F7C2213C30F9F00825C6E /* Build configuration list for PBXNativeTarget "Popup" */ = {
			isa = XCConfigurationList;
			buildConfigurations = (
				DD4F7C2313C30F9F00825C6E /* Debug */,
				DD4F7C2413C30F9F00825C6E /* Release */,
			);
			defaultConfigurationIsVisible = 0;
			defaultConfigurationName = Release;
		};
/* End XCConfigurationList section */
	};
	rootObject = DD4F7BFB13C30F9F00825C6E /* Project object */;
}
